// !$*UTF8*$!
{
	archiveVersion = 1;
	classes = {
	};
	objectVersion = 56;
	objects = {

/* Begin PBXBuildFile section */
		DA03B8592C65A438003626B8 /* CustomSingularTextView.swift in Sources */ = {isa = PBXBuildFile; fileRef = DA03B8582C65A438003626B8 /* CustomSingularTextView.swift */; };
		DA03B85B2C65A9B5003626B8 /* CustomExpressionView.swift in Sources */ = {isa = PBXBuildFile; fileRef = DA03B85A2C65A9B5003626B8 /* CustomExpressionView.swift */; };
		DA076E202C22B0DF00F7A2C1 /* NightMatchApp.swift in Sources */ = {isa = PBXBuildFile; fileRef = DA076E1F2C22B0DF00F7A2C1 /* NightMatchApp.swift */; };
		DA076E242C22B0E400F7A2C1 /* Assets.xcassets in Resources */ = {isa = PBXBuildFile; fileRef = DA076E232C22B0E400F7A2C1 /* Assets.xcassets */; };
		DA076E272C22B0E400F7A2C1 /* Preview Assets.xcassets in Resources */ = {isa = PBXBuildFile; fileRef = DA076E262C22B0E400F7A2C1 /* Preview Assets.xcassets */; };
		DA076E312C22B0E500F7A2C1 /* NightMatchTests.swift in Sources */ = {isa = PBXBuildFile; fileRef = DA076E302C22B0E500F7A2C1 /* NightMatchTests.swift */; };
		DA076E3B2C22B0E500F7A2C1 /* NightMatchUITests.swift in Sources */ = {isa = PBXBuildFile; fileRef = DA076E3A2C22B0E500F7A2C1 /* NightMatchUITests.swift */; };
		DA076E3D2C22B0E500F7A2C1 /* NightMatchUITestsLaunchTests.swift in Sources */ = {isa = PBXBuildFile; fileRef = DA076E3C2C22B0E500F7A2C1 /* NightMatchUITestsLaunchTests.swift */; };
		DA2A5B542C8EDE2600CE877A /* KeyboardButtonImageText.swift in Sources */ = {isa = PBXBuildFile; fileRef = DA2A5B532C8EDE2600CE877A /* KeyboardButtonImageText.swift */; };
		DA2A5B562C8EEFC700CE877A /* KeyboardButtonTextImage.swift in Sources */ = {isa = PBXBuildFile; fileRef = DA2A5B552C8EEFC700CE877A /* KeyboardButtonTextImage.swift */; };
		DA3866B22CA0F71B00CFAD4F /* Localizable.xcstrings in Resources */ = {isa = PBXBuildFile; fileRef = DA3866B12CA0F71B00CFAD4F /* Localizable.xcstrings */; };
		DA3866B42CA0F77700CFAD4F /* InfoPlist.xcstrings in Resources */ = {isa = PBXBuildFile; fileRef = DA3866B32CA0F77700CFAD4F /* InfoPlist.xcstrings */; };
		DA3866B72CA6840D00CFAD4F /* UndoListener.swift in Sources */ = {isa = PBXBuildFile; fileRef = DA3866B62CA6840D00CFAD4F /* UndoListener.swift */; };
		DA3866B92CA6845200CFAD4F /* HistoryListener.swift in Sources */ = {isa = PBXBuildFile; fileRef = DA3866B82CA6845200CFAD4F /* HistoryListener.swift */; };
		DA3866BC2CA6854100CFAD4F /* FragmentCalulateController.swift in Sources */ = {isa = PBXBuildFile; fileRef = DA3866BB2CA6854100CFAD4F /* FragmentCalulateController.swift */; };
		DA3866BF2CA6863400CFAD4F /* FragmentCalculateTopView.swift in Sources */ = {isa = PBXBuildFile; fileRef = DA3866BE2CA6863400CFAD4F /* FragmentCalculateTopView.swift */; };
		DA3866C12CA68A4D00CFAD4F /* DirectionListener.swift in Sources */ = {isa = PBXBuildFile; fileRef = DA3866C02CA68A4D00CFAD4F /* DirectionListener.swift */; };
		DA3866C32CA68D3D00CFAD4F /* OkExeListener.swift in Sources */ = {isa = PBXBuildFile; fileRef = DA3866C22CA68D3D00CFAD4F /* OkExeListener.swift */; };
		DA3866C52CA68E3700CFAD4F /* MathListener.swift in Sources */ = {isa = PBXBuildFile; fileRef = DA3866C42CA68E3700CFAD4F /* MathListener.swift */; };
		DA3866C72CA68FFF00CFAD4F /* DeleteListener.swift in Sources */ = {isa = PBXBuildFile; fileRef = DA3866C62CA68FFF00CFAD4F /* DeleteListener.swift */; };
		DA3866C92CA6902C00CFAD4F /* ACListener.swift in Sources */ = {isa = PBXBuildFile; fileRef = DA3866C82CA6902C00CFAD4F /* ACListener.swift */; };
		DA5918712CB8EC3F00A98368 /* TestView.swift in Sources */ = {isa = PBXBuildFile; fileRef = DA5918702CB8EC3F00A98368 /* TestView.swift */; };
		DA5918742CB8FA0800A98368 /* FragmentMain.swift in Sources */ = {isa = PBXBuildFile; fileRef = DA5918732CB8FA0800A98368 /* FragmentMain.swift */; };
		DA5918762CB9139300A98368 /* ActiveFragment.swift in Sources */ = {isa = PBXBuildFile; fileRef = DA5918752CB9139300A98368 /* ActiveFragment.swift */; };
		DA5918782CB9167B00A98368 /* MainListener.swift in Sources */ = {isa = PBXBuildFile; fileRef = DA5918772CB9167B00A98368 /* MainListener.swift */; };
		DA5D92A92C8FDFB2004F584E /* KeyboardButtonImageImage.swift in Sources */ = {isa = PBXBuildFile; fileRef = DA5D92A82C8FDFB2004F584E /* KeyboardButtonImageImage.swift */; };
		DA5D92AB2C9410B1004F584E /* HistoryUtil.swift in Sources */ = {isa = PBXBuildFile; fileRef = DA5D92AA2C9410B1004F584E /* HistoryUtil.swift */; };
		DA6061732CB762AC0091779E /* FormatData.swift in Sources */ = {isa = PBXBuildFile; fileRef = DA6061722CB762AC0091779E /* FormatData.swift */; };
		DA6061752CB764920091779E /* FormatListener.swift in Sources */ = {isa = PBXBuildFile; fileRef = DA6061742CB764920091779E /* FormatListener.swift */; };
		DA6061782CB7AB4D0091779E /* FormatList.swift in Sources */ = {isa = PBXBuildFile; fileRef = DA6061772CB7AB4D0091779E /* FormatList.swift */; };
		DA60617A2CB7AD220091779E /* FormatBean.swift in Sources */ = {isa = PBXBuildFile; fileRef = DA6061792CB7AD220091779E /* FormatBean.swift */; };
		DA60617C2CB7AD850091779E /* FormatItem.swift in Sources */ = {isa = PBXBuildFile; fileRef = DA60617B2CB7AD850091779E /* FormatItem.swift */; };
		DABFAF5B2C65E1FD008E8048 /* Caretable.swift in Sources */ = {isa = PBXBuildFile; fileRef = DABFAF5A2C65E1FD008E8048 /* Caretable.swift */; };
		DABFAF5D2C65E23F008E8048 /* SingularTextModel.swift in Sources */ = {isa = PBXBuildFile; fileRef = DABFAF5C2C65E23F008E8048 /* SingularTextModel.swift */; };
		DABFAF5F2C65E420008E8048 /* FractionModel.swift in Sources */ = {isa = PBXBuildFile; fileRef = DABFAF5E2C65E420008E8048 /* FractionModel.swift */; };
		DABFAF612C65E488008E8048 /* ExpressionModel.swift in Sources */ = {isa = PBXBuildFile; fileRef = DABFAF602C65E488008E8048 /* ExpressionModel.swift */; };
		DABFAF632C65F7FD008E8048 /* FragmentCalculateView.swift in Sources */ = {isa = PBXBuildFile; fileRef = DABFAF622C65F7FC008E8048 /* FragmentCalculateView.swift */; };
		DAC991102C69CFF400744B5D /* CustomFractionView.swift in Sources */ = {isa = PBXBuildFile; fileRef = DAC9910F2C69CFF400744B5D /* CustomFractionView.swift */; };
		DAC991132C69E43600744B5D /* FocusDirectionEnum.swift in Sources */ = {isa = PBXBuildFile; fileRef = DAC991122C69E43600744B5D /* FocusDirectionEnum.swift */; };
		DAC991152C69E6C000744B5D /* ArrowListener.swift in Sources */ = {isa = PBXBuildFile; fileRef = DAC991142C69E6C000744B5D /* ArrowListener.swift */; };
		DAC991172C6C572C00744B5D /* KeyboardPanel.swift in Sources */ = {isa = PBXBuildFile; fileRef = DAC991162C6C572C00744B5D /* KeyboardPanel.swift */; };
		DAC9911C2C6C769400744B5D /* GrowingButtonStyle.swift in Sources */ = {isa = PBXBuildFile; fileRef = DAC9911B2C6C769400744B5D /* GrowingButtonStyle.swift */; };
		DAC991202C6D8CD600744B5D /* KeyboardButtonTextText.swift in Sources */ = {isa = PBXBuildFile; fileRef = DAC9911F2C6D8CD600744B5D /* KeyboardButtonTextText.swift */; };
		DAC991232C6DD9C200744B5D /* CustomIdGenerator.swift in Sources */ = {isa = PBXBuildFile; fileRef = DAC991222C6DD9C200744B5D /* CustomIdGenerator.swift */; };
		DAC991252C6F27EC00744B5D /* LeftTopStrokeShape.swift in Sources */ = {isa = PBXBuildFile; fileRef = DAC991242C6F27EC00744B5D /* LeftTopStrokeShape.swift */; };
		DAC991272C6F2E7000744B5D /* GrowingButtonStyle2.swift in Sources */ = {isa = PBXBuildFile; fileRef = DAC991262C6F2E7000744B5D /* GrowingButtonStyle2.swift */; };
		DAC991292C6F2ECD00744B5D /* KeyboardButton2.swift in Sources */ = {isa = PBXBuildFile; fileRef = DAC991282C6F2ECD00744B5D /* KeyboardButton2.swift */; };
		DAEEB38C2C89817300246752 /* ExpressionContext.swift in Sources */ = {isa = PBXBuildFile; fileRef = DAEEB38B2C89817300246752 /* ExpressionContext.swift */; };
		DAEEB38E2C89928700246752 /* ExpressionData.swift in Sources */ = {isa = PBXBuildFile; fileRef = DAEEB38D2C89928700246752 /* ExpressionData.swift */; };
		DAEEB3912C8993FF00246752 /* ExpressionItemData.swift in Sources */ = {isa = PBXBuildFile; fileRef = DAEEB3902C8993FF00246752 /* ExpressionItemData.swift */; };
		DAEEB3932C899C1F00246752 /* FractionData.swift in Sources */ = {isa = PBXBuildFile; fileRef = DAEEB3922C899C1F00246752 /* FractionData.swift */; };
		DAEEB3952C899F6600246752 /* SingularTextData.swift in Sources */ = {isa = PBXBuildFile; fileRef = DAEEB3942C899F6600246752 /* SingularTextData.swift */; };
		DAEEB3982C8AD4B500246752 /* CalculateHistoryBean.swift in Sources */ = {isa = PBXBuildFile; fileRef = DAEEB3972C8AD4B400246752 /* CalculateHistoryBean.swift */; };
		DAEEB39A2C8AD63D00246752 /* HistoryItem.swift in Sources */ = {isa = PBXBuildFile; fileRef = DAEEB3992C8AD63D00246752 /* HistoryItem.swift */; };
		DAEEB39C2C8ADD0800246752 /* HistoryList.swift in Sources */ = {isa = PBXBuildFile; fileRef = DAEEB39B2C8ADD0800246752 /* HistoryList.swift */; };
/* End PBXBuildFile section */

/* Begin PBXContainerItemProxy section */
		DA076E2D2C22B0E500F7A2C1 /* PBXContainerItemProxy */ = {
			isa = PBXContainerItemProxy;
			containerPortal = DA076E142C22B0DF00F7A2C1 /* Project object */;
			proxyType = 1;
			remoteGlobalIDString = DA076E1B2C22B0DF00F7A2C1;
			remoteInfo = NightMatch;
		};
		DA076E372C22B0E500F7A2C1 /* PBXContainerItemProxy */ = {
			isa = PBXContainerItemProxy;
			containerPortal = DA076E142C22B0DF00F7A2C1 /* Project object */;
			proxyType = 1;
			remoteGlobalIDString = DA076E1B2C22B0DF00F7A2C1;
			remoteInfo = NightMatch;
		};
/* End PBXContainerItemProxy section */

/* Begin PBXFileReference section */
		DA03B8582C65A438003626B8 /* CustomSingularTextView.swift */ = {isa = PBXFileReference; fileEncoding = 4; lastKnownFileType = sourcecode.swift; path = CustomSingularTextView.swift; sourceTree = "<group>"; };
		DA03B85A2C65A9B5003626B8 /* CustomExpressionView.swift */ = {isa = PBXFileReference; lastKnownFileType = sourcecode.swift; path = CustomExpressionView.swift; sourceTree = "<group>"; };
		DA076E1C2C22B0DF00F7A2C1 /* T991.app */ = {isa = PBXFileReference; explicitFileType = wrapper.application; includeInIndex = 0; path = T991.app; sourceTree = BUILT_PRODUCTS_DIR; };
		DA076E1F2C22B0DF00F7A2C1 /* NightMatchApp.swift */ = {isa = PBXFileReference; lastKnownFileType = sourcecode.swift; path = NightMatchApp.swift; sourceTree = "<group>"; };
		DA076E232C22B0E400F7A2C1 /* Assets.xcassets */ = {isa = PBXFileReference; lastKnownFileType = folder.assetcatalog; path = Assets.xcassets; sourceTree = "<group>"; };
		DA076E262C22B0E400F7A2C1 /* Preview Assets.xcassets */ = {isa = PBXFileReference; lastKnownFileType = folder.assetcatalog; path = "Preview Assets.xcassets"; sourceTree = "<group>"; };
		DA076E2C2C22B0E500F7A2C1 /* NightMatchTests.xctest */ = {isa = PBXFileReference; explicitFileType = wrapper.cfbundle; includeInIndex = 0; path = NightMatchTests.xctest; sourceTree = BUILT_PRODUCTS_DIR; };
		DA076E302C22B0E500F7A2C1 /* NightMatchTests.swift */ = {isa = PBXFileReference; lastKnownFileType = sourcecode.swift; path = NightMatchTests.swift; sourceTree = "<group>"; };
		DA076E362C22B0E500F7A2C1 /* NightMatchUITests.xctest */ = {isa = PBXFileReference; explicitFileType = wrapper.cfbundle; includeInIndex = 0; path = NightMatchUITests.xctest; sourceTree = BUILT_PRODUCTS_DIR; };
		DA076E3A2C22B0E500F7A2C1 /* NightMatchUITests.swift */ = {isa = PBXFileReference; lastKnownFileType = sourcecode.swift; path = NightMatchUITests.swift; sourceTree = "<group>"; };
		DA076E3C2C22B0E500F7A2C1 /* NightMatchUITestsLaunchTests.swift */ = {isa = PBXFileReference; lastKnownFileType = sourcecode.swift; path = NightMatchUITestsLaunchTests.swift; sourceTree = "<group>"; };
		DA2A5B532C8EDE2600CE877A /* KeyboardButtonImageText.swift */ = {isa = PBXFileReference; lastKnownFileType = sourcecode.swift; path = KeyboardButtonImageText.swift; sourceTree = "<group>"; };
		DA2A5B552C8EEFC700CE877A /* KeyboardButtonTextImage.swift */ = {isa = PBXFileReference; fileEncoding = 4; lastKnownFileType = sourcecode.swift; path = KeyboardButtonTextImage.swift; sourceTree = "<group>"; };
		DA3866B12CA0F71B00CFAD4F /* Localizable.xcstrings */ = {isa = PBXFileReference; lastKnownFileType = text.json.xcstrings; path = Localizable.xcstrings; sourceTree = "<group>"; };
		DA3866B32CA0F77700CFAD4F /* InfoPlist.xcstrings */ = {isa = PBXFileReference; lastKnownFileType = text.json.xcstrings; path = InfoPlist.xcstrings; sourceTree = "<group>"; };
		DA3866B62CA6840D00CFAD4F /* UndoListener.swift */ = {isa = PBXFileReference; lastKnownFileType = sourcecode.swift; path = UndoListener.swift; sourceTree = "<group>"; };
		DA3866B82CA6845200CFAD4F /* HistoryListener.swift */ = {isa = PBXFileReference; lastKnownFileType = sourcecode.swift; path = HistoryListener.swift; sourceTree = "<group>"; };
		DA3866BB2CA6854100CFAD4F /* FragmentCalulateController.swift */ = {isa = PBXFileReference; lastKnownFileType = sourcecode.swift; path = FragmentCalulateController.swift; sourceTree = "<group>"; };
		DA3866BE2CA6863400CFAD4F /* FragmentCalculateTopView.swift */ = {isa = PBXFileReference; lastKnownFileType = sourcecode.swift; path = FragmentCalculateTopView.swift; sourceTree = "<group>"; };
		DA3866C02CA68A4D00CFAD4F /* DirectionListener.swift */ = {isa = PBXFileReference; lastKnownFileType = sourcecode.swift; path = DirectionListener.swift; sourceTree = "<group>"; };
		DA3866C22CA68D3D00CFAD4F /* OkExeListener.swift */ = {isa = PBXFileReference; lastKnownFileType = sourcecode.swift; path = OkExeListener.swift; sourceTree = "<group>"; };
		DA3866C42CA68E3700CFAD4F /* MathListener.swift */ = {isa = PBXFileReference; lastKnownFileType = sourcecode.swift; path = MathListener.swift; sourceTree = "<group>"; };
		DA3866C62CA68FFF00CFAD4F /* DeleteListener.swift */ = {isa = PBXFileReference; lastKnownFileType = sourcecode.swift; path = DeleteListener.swift; sourceTree = "<group>"; };
		DA3866C82CA6902C00CFAD4F /* ACListener.swift */ = {isa = PBXFileReference; lastKnownFileType = sourcecode.swift; path = ACListener.swift; sourceTree = "<group>"; };
		DA5918702CB8EC3F00A98368 /* TestView.swift */ = {isa = PBXFileReference; lastKnownFileType = sourcecode.swift; path = TestView.swift; sourceTree = "<group>"; };
		DA5918732CB8FA0800A98368 /* FragmentMain.swift */ = {isa = PBXFileReference; lastKnownFileType = sourcecode.swift; path = FragmentMain.swift; sourceTree = "<group>"; };
		DA5918752CB9139300A98368 /* ActiveFragment.swift */ = {isa = PBXFileReference; lastKnownFileType = sourcecode.swift; path = ActiveFragment.swift; sourceTree = "<group>"; };
		DA5918772CB9167B00A98368 /* MainListener.swift */ = {isa = PBXFileReference; lastKnownFileType = sourcecode.swift; path = MainListener.swift; sourceTree = "<group>"; };
		DA5D92A82C8FDFB2004F584E /* KeyboardButtonImageImage.swift */ = {isa = PBXFileReference; fileEncoding = 4; lastKnownFileType = sourcecode.swift; path = KeyboardButtonImageImage.swift; sourceTree = "<group>"; };
		DA5D92AA2C9410B1004F584E /* HistoryUtil.swift */ = {isa = PBXFileReference; lastKnownFileType = sourcecode.swift; path = HistoryUtil.swift; sourceTree = "<group>"; };
		DA6061722CB762AC0091779E /* FormatData.swift */ = {isa = PBXFileReference; lastKnownFileType = sourcecode.swift; path = FormatData.swift; sourceTree = "<group>"; };
		DA6061742CB764920091779E /* FormatListener.swift */ = {isa = PBXFileReference; lastKnownFileType = sourcecode.swift; path = FormatListener.swift; sourceTree = "<group>"; };
		DA6061772CB7AB4D0091779E /* FormatList.swift */ = {isa = PBXFileReference; lastKnownFileType = sourcecode.swift; path = FormatList.swift; sourceTree = "<group>"; };
		DA6061792CB7AD220091779E /* FormatBean.swift */ = {isa = PBXFileReference; lastKnownFileType = sourcecode.swift; path = FormatBean.swift; sourceTree = "<group>"; };
		DA60617B2CB7AD850091779E /* FormatItem.swift */ = {isa = PBXFileReference; lastKnownFileType = sourcecode.swift; path = FormatItem.swift; sourceTree = "<group>"; };
		DABFAF5A2C65E1FD008E8048 /* Caretable.swift */ = {isa = PBXFileReference; lastKnownFileType = sourcecode.swift; path = Caretable.swift; sourceTree = "<group>"; };
		DABFAF5C2C65E23F008E8048 /* SingularTextModel.swift */ = {isa = PBXFileReference; lastKnownFileType = sourcecode.swift; path = SingularTextModel.swift; sourceTree = "<group>"; };
		DABFAF5E2C65E420008E8048 /* FractionModel.swift */ = {isa = PBXFileReference; lastKnownFileType = sourcecode.swift; path = FractionModel.swift; sourceTree = "<group>"; };
		DABFAF602C65E488008E8048 /* ExpressionModel.swift */ = {isa = PBXFileReference; lastKnownFileType = sourcecode.swift; path = ExpressionModel.swift; sourceTree = "<group>"; };
		DABFAF622C65F7FC008E8048 /* FragmentCalculateView.swift */ = {isa = PBXFileReference; lastKnownFileType = sourcecode.swift; path = FragmentCalculateView.swift; sourceTree = "<group>"; };
		DAC9910F2C69CFF400744B5D /* CustomFractionView.swift */ = {isa = PBXFileReference; lastKnownFileType = sourcecode.swift; path = CustomFractionView.swift; sourceTree = "<group>"; };
		DAC991122C69E43600744B5D /* FocusDirectionEnum.swift */ = {isa = PBXFileReference; lastKnownFileType = sourcecode.swift; path = FocusDirectionEnum.swift; sourceTree = "<group>"; };
		DAC991142C69E6C000744B5D /* ArrowListener.swift */ = {isa = PBXFileReference; lastKnownFileType = sourcecode.swift; path = ArrowListener.swift; sourceTree = "<group>"; };
		DAC991162C6C572C00744B5D /* KeyboardPanel.swift */ = {isa = PBXFileReference; lastKnownFileType = sourcecode.swift; path = KeyboardPanel.swift; sourceTree = "<group>"; };
		DAC9911B2C6C769400744B5D /* GrowingButtonStyle.swift */ = {isa = PBXFileReference; lastKnownFileType = sourcecode.swift; path = GrowingButtonStyle.swift; sourceTree = "<group>"; };
		DAC9911F2C6D8CD600744B5D /* KeyboardButtonTextText.swift */ = {isa = PBXFileReference; lastKnownFileType = sourcecode.swift; path = KeyboardButtonTextText.swift; sourceTree = "<group>"; };
		DAC991222C6DD9C200744B5D /* CustomIdGenerator.swift */ = {isa = PBXFileReference; lastKnownFileType = sourcecode.swift; path = CustomIdGenerator.swift; sourceTree = "<group>"; };
		DAC991242C6F27EC00744B5D /* LeftTopStrokeShape.swift */ = {isa = PBXFileReference; lastKnownFileType = sourcecode.swift; path = LeftTopStrokeShape.swift; sourceTree = "<group>"; };
		DAC991262C6F2E7000744B5D /* GrowingButtonStyle2.swift */ = {isa = PBXFileReference; lastKnownFileType = sourcecode.swift; path = GrowingButtonStyle2.swift; sourceTree = "<group>"; };
		DAC991282C6F2ECD00744B5D /* KeyboardButton2.swift */ = {isa = PBXFileReference; lastKnownFileType = sourcecode.swift; path = KeyboardButton2.swift; sourceTree = "<group>"; };
		DAEEB38B2C89817300246752 /* ExpressionContext.swift */ = {isa = PBXFileReference; lastKnownFileType = sourcecode.swift; path = ExpressionContext.swift; sourceTree = "<group>"; };
		DAEEB38D2C89928700246752 /* ExpressionData.swift */ = {isa = PBXFileReference; lastKnownFileType = sourcecode.swift; path = ExpressionData.swift; sourceTree = "<group>"; };
		DAEEB3902C8993FF00246752 /* ExpressionItemData.swift */ = {isa = PBXFileReference; lastKnownFileType = sourcecode.swift; path = ExpressionItemData.swift; sourceTree = "<group>"; };
		DAEEB3922C899C1F00246752 /* FractionData.swift */ = {isa = PBXFileReference; lastKnownFileType = sourcecode.swift; path = FractionData.swift; sourceTree = "<group>"; };
		DAEEB3942C899F6600246752 /* SingularTextData.swift */ = {isa = PBXFileReference; lastKnownFileType = sourcecode.swift; path = SingularTextData.swift; sourceTree = "<group>"; };
		DAEEB3972C8AD4B400246752 /* CalculateHistoryBean.swift */ = {isa = PBXFileReference; lastKnownFileType = sourcecode.swift; path = CalculateHistoryBean.swift; sourceTree = "<group>"; };
		DAEEB3992C8AD63D00246752 /* HistoryItem.swift */ = {isa = PBXFileReference; lastKnownFileType = sourcecode.swift; path = HistoryItem.swift; sourceTree = "<group>"; };
		DAEEB39B2C8ADD0800246752 /* HistoryList.swift */ = {isa = PBXFileReference; lastKnownFileType = sourcecode.swift; path = HistoryList.swift; sourceTree = "<group>"; };
/* End PBXFileReference section */

/* Begin PBXFrameworksBuildPhase section */
		DA076E192C22B0DF00F7A2C1 /* Frameworks */ = {
			isa = PBXFrameworksBuildPhase;
			buildActionMask = 2147483647;
			files = (
			);
			runOnlyForDeploymentPostprocessing = 0;
		};
		DA076E292C22B0E500F7A2C1 /* Frameworks */ = {
			isa = PBXFrameworksBuildPhase;
			buildActionMask = 2147483647;
			files = (
			);
			runOnlyForDeploymentPostprocessing = 0;
		};
		DA076E332C22B0E500F7A2C1 /* Frameworks */ = {
			isa = PBXFrameworksBuildPhase;
			buildActionMask = 2147483647;
			files = (
			);
			runOnlyForDeploymentPostprocessing = 0;
		};
/* End PBXFrameworksBuildPhase section */

/* Begin PBXGroup section */
		DA03B8572C65A418003626B8 /* CustomWidgets */ = {
			isa = PBXGroup;
			children = (
				DA03B8582C65A438003626B8 /* CustomSingularTextView.swift */,
				DAC9910F2C69CFF400744B5D /* CustomFractionView.swift */,
				DA03B85A2C65A9B5003626B8 /* CustomExpressionView.swift */,
			);
			path = CustomWidgets;
			sourceTree = "<group>";
		};
		DA076E132C22B0DF00F7A2C1 = {
			isa = PBXGroup;
			children = (
				DA3866B02CA0F6D000CFAD4F /* Resources */,
				DA076E1E2C22B0DF00F7A2C1 /* NightMatch */,
				DA076E2F2C22B0E500F7A2C1 /* NightMatchTests */,
				DA076E392C22B0E500F7A2C1 /* NightMatchUITests */,
				DA076E1D2C22B0DF00F7A2C1 /* Products */,
			);
			sourceTree = "<group>";
		};
		DA076E1D2C22B0DF00F7A2C1 /* Products */ = {
			isa = PBXGroup;
			children = (
				DA076E1C2C22B0DF00F7A2C1 /* T991.app */,
				DA076E2C2C22B0E500F7A2C1 /* NightMatchTests.xctest */,
				DA076E362C22B0E500F7A2C1 /* NightMatchUITests.xctest */,
			);
			name = Products;
			sourceTree = "<group>";
		};
		DA076E1E2C22B0DF00F7A2C1 /* NightMatch */ = {
			isa = PBXGroup;
			children = (
				DA3866BD2CA6861600CFAD4F /* Fragments */,
				DA3866B52CA683AA00CFAD4F /* KeyboardListener */,
				DA6061762CB7AB030091779E /* CalculateFormat */,
				DAEEB3962C8AD49700246752 /* CalculateHistory */,
				DAEEB38F2C89937F00246752 /* CustomData */,
				DABFAF592C65D613008E8048 /* CustomModels */,
				DAC991182C6C75A900744B5D /* CommonWidgets */,
				DA03B8572C65A418003626B8 /* CustomWidgets */,
				DAC991212C6DD9B300744B5D /* Utils */,
				DA076E1F2C22B0DF00F7A2C1 /* NightMatchApp.swift */,
				DA076E232C22B0E400F7A2C1 /* Assets.xcassets */,
				DA076E252C22B0E400F7A2C1 /* Preview Content */,
				DA5918702CB8EC3F00A98368 /* TestView.swift */,
			);
			path = NightMatch;
			sourceTree = "<group>";
		};
		DA076E252C22B0E400F7A2C1 /* Preview Content */ = {
			isa = PBXGroup;
			children = (
				DA076E262C22B0E400F7A2C1 /* Preview Assets.xcassets */,
			);
			path = "Preview Content";
			sourceTree = "<group>";
		};
		DA076E2F2C22B0E500F7A2C1 /* NightMatchTests */ = {
			isa = PBXGroup;
			children = (
				DA076E302C22B0E500F7A2C1 /* NightMatchTests.swift */,
			);
			path = NightMatchTests;
			sourceTree = "<group>";
		};
		DA076E392C22B0E500F7A2C1 /* NightMatchUITests */ = {
			isa = PBXGroup;
			children = (
				DA076E3A2C22B0E500F7A2C1 /* NightMatchUITests.swift */,
				DA076E3C2C22B0E500F7A2C1 /* NightMatchUITestsLaunchTests.swift */,
			);
			path = NightMatchUITests;
			sourceTree = "<group>";
		};
		DA3866B02CA0F6D000CFAD4F /* Resources */ = {
			isa = PBXGroup;
			children = (
				DA3866B12CA0F71B00CFAD4F /* Localizable.xcstrings */,
				DA3866B32CA0F77700CFAD4F /* InfoPlist.xcstrings */,
			);
			path = Resources;
			sourceTree = "<group>";
		};
		DA3866B52CA683AA00CFAD4F /* KeyboardListener */ = {
			isa = PBXGroup;
			children = (
				DA3866B62CA6840D00CFAD4F /* UndoListener.swift */,
				DA3866B82CA6845200CFAD4F /* HistoryListener.swift */,
				DA3866C02CA68A4D00CFAD4F /* DirectionListener.swift */,
				DA3866C22CA68D3D00CFAD4F /* OkExeListener.swift */,
				DA3866C42CA68E3700CFAD4F /* MathListener.swift */,
				DA3866C62CA68FFF00CFAD4F /* DeleteListener.swift */,
				DA3866C82CA6902C00CFAD4F /* ACListener.swift */,
				DA6061742CB764920091779E /* FormatListener.swift */,
				DA5918772CB9167B00A98368 /* MainListener.swift */,
			);
			path = KeyboardListener;
			sourceTree = "<group>";
		};
		DA3866BD2CA6861600CFAD4F /* Fragments */ = {
			isa = PBXGroup;
			children = (
				DA5918722CB8F9BD00A98368 /* Main */,
				DA3866CC2CA6A94B00CFAD4F /* Calculate */,
				DA5918752CB9139300A98368 /* ActiveFragment.swift */,
			);
			path = Fragments;
			sourceTree = "<group>";
		};
		DA3866CC2CA6A94B00CFAD4F /* Calculate */ = {
			isa = PBXGroup;
			children = (
				DA3866BB2CA6854100CFAD4F /* FragmentCalulateController.swift */,
				DA3866BE2CA6863400CFAD4F /* FragmentCalculateTopView.swift */,
				DABFAF622C65F7FC008E8048 /* FragmentCalculateView.swift */,
			);
			path = Calculate;
			sourceTree = "<group>";
		};
		DA5918722CB8F9BD00A98368 /* Main */ = {
			isa = PBXGroup;
			children = (
				DA5918732CB8FA0800A98368 /* FragmentMain.swift */,
			);
			path = Main;
			sourceTree = "<group>";
		};
		DA6061762CB7AB030091779E /* CalculateFormat */ = {
			isa = PBXGroup;
			children = (
				DA6061792CB7AD220091779E /* FormatBean.swift */,
				DA60617B2CB7AD850091779E /* FormatItem.swift */,
				DA6061772CB7AB4D0091779E /* FormatList.swift */,
			);
			path = CalculateFormat;
			sourceTree = "<group>";
		};
		DABFAF592C65D613008E8048 /* CustomModels */ = {
			isa = PBXGroup;
			children = (
				DAC991122C69E43600744B5D /* FocusDirectionEnum.swift */,
				DABFAF5A2C65E1FD008E8048 /* Caretable.swift */,
				DAC991142C69E6C000744B5D /* ArrowListener.swift */,
				DAEEB38B2C89817300246752 /* ExpressionContext.swift */,
				DABFAF602C65E488008E8048 /* ExpressionModel.swift */,
				DABFAF5C2C65E23F008E8048 /* SingularTextModel.swift */,
				DABFAF5E2C65E420008E8048 /* FractionModel.swift */,
			);
			path = CustomModels;
			sourceTree = "<group>";
		};
		DAC991182C6C75A900744B5D /* CommonWidgets */ = {
			isa = PBXGroup;
			children = (
				DAC991242C6F27EC00744B5D /* LeftTopStrokeShape.swift */,
				DAC991262C6F2E7000744B5D /* GrowingButtonStyle2.swift */,
				DAC991282C6F2ECD00744B5D /* KeyboardButton2.swift */,
				DAC9911B2C6C769400744B5D /* GrowingButtonStyle.swift */,
				DAC9911F2C6D8CD600744B5D /* KeyboardButtonTextText.swift */,
				DA2A5B552C8EEFC700CE877A /* KeyboardButtonTextImage.swift */,
				DA2A5B532C8EDE2600CE877A /* KeyboardButtonImageText.swift */,
				DA5D92A82C8FDFB2004F584E /* KeyboardButtonImageImage.swift */,
				DAC991162C6C572C00744B5D /* KeyboardPanel.swift */,
			);
			path = CommonWidgets;
			sourceTree = "<group>";
		};
		DAC991212C6DD9B300744B5D /* Utils */ = {
			isa = PBXGroup;
			children = (
				DAC991222C6DD9C200744B5D /* CustomIdGenerator.swift */,
			);
			path = Utils;
			sourceTree = "<group>";
		};
		DAEEB38F2C89937F00246752 /* CustomData */ = {
			isa = PBXGroup;
			children = (
				DAEEB38D2C89928700246752 /* ExpressionData.swift */,
				DAEEB3902C8993FF00246752 /* ExpressionItemData.swift */,
				DAEEB3942C899F6600246752 /* SingularTextData.swift */,
				DAEEB3922C899C1F00246752 /* FractionData.swift */,
				DA6061722CB762AC0091779E /* FormatData.swift */,
			);
			path = CustomData;
			sourceTree = "<group>";
		};
		DAEEB3962C8AD49700246752 /* CalculateHistory */ = {
			isa = PBXGroup;
			children = (
				DAEEB3972C8AD4B400246752 /* CalculateHistoryBean.swift */,
				DAEEB3992C8AD63D00246752 /* HistoryItem.swift */,
				DAEEB39B2C8ADD0800246752 /* HistoryList.swift */,
				DA5D92AA2C9410B1004F584E /* HistoryUtil.swift */,
			);
			path = CalculateHistory;
			sourceTree = "<group>";
		};
/* End PBXGroup section */

/* Begin PBXNativeTarget section */
		DA076E1B2C22B0DF00F7A2C1 /* NightMatch */ = {
			isa = PBXNativeTarget;
			buildConfigurationList = DA076E402C22B0E500F7A2C1 /* Build configuration list for PBXNativeTarget "NightMatch" */;
			buildPhases = (
				DA076E182C22B0DF00F7A2C1 /* Sources */,
				DA076E192C22B0DF00F7A2C1 /* Frameworks */,
				DA076E1A2C22B0DF00F7A2C1 /* Resources */,
			);
			buildRules = (
			);
			dependencies = (
			);
			name = NightMatch;
			productName = NightMatch;
			productReference = DA076E1C2C22B0DF00F7A2C1 /* T991.app */;
			productType = "com.apple.product-type.application";
		};
		DA076E2B2C22B0E500F7A2C1 /* NightMatchTests */ = {
			isa = PBXNativeTarget;
			buildConfigurationList = DA076E432C22B0E500F7A2C1 /* Build configuration list for PBXNativeTarget "NightMatchTests" */;
			buildPhases = (
				DA076E282C22B0E500F7A2C1 /* Sources */,
				DA076E292C22B0E500F7A2C1 /* Frameworks */,
				DA076E2A2C22B0E500F7A2C1 /* Resources */,
			);
			buildRules = (
			);
			dependencies = (
				DA076E2E2C22B0E500F7A2C1 /* PBXTargetDependency */,
			);
			name = NightMatchTests;
			productName = NightMatchTests;
			productReference = DA076E2C2C22B0E500F7A2C1 /* NightMatchTests.xctest */;
			productType = "com.apple.product-type.bundle.unit-test";
		};
		DA076E352C22B0E500F7A2C1 /* NightMatchUITests */ = {
			isa = PBXNativeTarget;
			buildConfigurationList = DA076E462C22B0E500F7A2C1 /* Build configuration list for PBXNativeTarget "NightMatchUITests" */;
			buildPhases = (
				DA076E322C22B0E500F7A2C1 /* Sources */,
				DA076E332C22B0E500F7A2C1 /* Frameworks */,
				DA076E342C22B0E500F7A2C1 /* Resources */,
			);
			buildRules = (
			);
			dependencies = (
				DA076E382C22B0E500F7A2C1 /* PBXTargetDependency */,
			);
			name = NightMatchUITests;
			productName = NightMatchUITests;
			productReference = DA076E362C22B0E500F7A2C1 /* NightMatchUITests.xctest */;
			productType = "com.apple.product-type.bundle.ui-testing";
		};
/* End PBXNativeTarget section */

/* Begin PBXProject section */
		DA076E142C22B0DF00F7A2C1 /* Project object */ = {
			isa = PBXProject;
			attributes = {
				BuildIndependentTargetsInParallel = 1;
				LastSwiftUpdateCheck = 1540;
				LastUpgradeCheck = 1540;
				TargetAttributes = {
					DA076E1B2C22B0DF00F7A2C1 = {
						CreatedOnToolsVersion = 15.4;
					};
					DA076E2B2C22B0E500F7A2C1 = {
						CreatedOnToolsVersion = 15.4;
						TestTargetID = DA076E1B2C22B0DF00F7A2C1;
					};
					DA076E352C22B0E500F7A2C1 = {
						CreatedOnToolsVersion = 15.4;
						TestTargetID = DA076E1B2C22B0DF00F7A2C1;
					};
				};
			};
			buildConfigurationList = DA076E172C22B0DF00F7A2C1 /* Build configuration list for PBXProject "NightMatch" */;
			compatibilityVersion = "Xcode 14.0";
			developmentRegion = en;
			hasScannedForEncodings = 0;
			knownRegions = (
				en,
				Base,
				"zh-Hans",
			);
			mainGroup = DA076E132C22B0DF00F7A2C1;
			productRefGroup = DA076E1D2C22B0DF00F7A2C1 /* Products */;
			projectDirPath = "";
			projectRoot = "";
			targets = (
				DA076E1B2C22B0DF00F7A2C1 /* NightMatch */,
				DA076E2B2C22B0E500F7A2C1 /* NightMatchTests */,
				DA076E352C22B0E500F7A2C1 /* NightMatchUITests */,
			);
		};
/* End PBXProject section */

/* Begin PBXResourcesBuildPhase section */
		DA076E1A2C22B0DF00F7A2C1 /* Resources */ = {
			isa = PBXResourcesBuildPhase;
			buildActionMask = 2147483647;
			files = (
				DA076E272C22B0E400F7A2C1 /* Preview Assets.xcassets in Resources */,
				DA076E242C22B0E400F7A2C1 /* Assets.xcassets in Resources */,
				DA3866B42CA0F77700CFAD4F /* InfoPlist.xcstrings in Resources */,
				DA3866B22CA0F71B00CFAD4F /* Localizable.xcstrings in Resources */,
			);
			runOnlyForDeploymentPostprocessing = 0;
		};
		DA076E2A2C22B0E500F7A2C1 /* Resources */ = {
			isa = PBXResourcesBuildPhase;
			buildActionMask = 2147483647;
			files = (
			);
			runOnlyForDeploymentPostprocessing = 0;
		};
		DA076E342C22B0E500F7A2C1 /* Resources */ = {
			isa = PBXResourcesBuildPhase;
			buildActionMask = 2147483647;
			files = (
			);
			runOnlyForDeploymentPostprocessing = 0;
		};
/* End PBXResourcesBuildPhase section */

/* Begin PBXSourcesBuildPhase section */
		DA076E182C22B0DF00F7A2C1 /* Sources */ = {
			isa = PBXSourcesBuildPhase;
			buildActionMask = 2147483647;
			files = (
				DA6061782CB7AB4D0091779E /* FormatList.swift in Sources */,
				DAEEB39C2C8ADD0800246752 /* HistoryList.swift in Sources */,
				DAC991152C69E6C000744B5D /* ArrowListener.swift in Sources */,
				DA5918762CB9139300A98368 /* ActiveFragment.swift in Sources */,
				DAC991232C6DD9C200744B5D /* CustomIdGenerator.swift in Sources */,
				DAEEB3932C899C1F00246752 /* FractionData.swift in Sources */,
				DA03B85B2C65A9B5003626B8 /* CustomExpressionView.swift in Sources */,
				DA5918712CB8EC3F00A98368 /* TestView.swift in Sources */,
				DA5918782CB9167B00A98368 /* MainListener.swift in Sources */,
				DABFAF5B2C65E1FD008E8048 /* Caretable.swift in Sources */,
				DAEEB3952C899F6600246752 /* SingularTextData.swift in Sources */,
				DABFAF5D2C65E23F008E8048 /* SingularTextModel.swift in Sources */,
				DAEEB3982C8AD4B500246752 /* CalculateHistoryBean.swift in Sources */,
				DA3866C72CA68FFF00CFAD4F /* DeleteListener.swift in Sources */,
				DA3866B72CA6840D00CFAD4F /* UndoListener.swift in Sources */,
				DA3866C32CA68D3D00CFAD4F /* OkExeListener.swift in Sources */,
				DAC991132C69E43600744B5D /* FocusDirectionEnum.swift in Sources */,
				DABFAF612C65E488008E8048 /* ExpressionModel.swift in Sources */,
				DA6061752CB764920091779E /* FormatListener.swift in Sources */,
				DA3866C52CA68E3700CFAD4F /* MathListener.swift in Sources */,
				DABFAF632C65F7FD008E8048 /* FragmentCalculateView.swift in Sources */,
				DA5D92A92C8FDFB2004F584E /* KeyboardButtonImageImage.swift in Sources */,
				DAEEB39A2C8AD63D00246752 /* HistoryItem.swift in Sources */,
				DA60617A2CB7AD220091779E /* FormatBean.swift in Sources */,
				DAC991172C6C572C00744B5D /* KeyboardPanel.swift in Sources */,
				DAEEB3912C8993FF00246752 /* ExpressionItemData.swift in Sources */,
				DA3866BF2CA6863400CFAD4F /* FragmentCalculateTopView.swift in Sources */,
				DA3866BC2CA6854100CFAD4F /* FragmentCalulateController.swift in Sources */,
				DA60617C2CB7AD850091779E /* FormatItem.swift in Sources */,
				DAC991202C6D8CD600744B5D /* KeyboardButtonTextText.swift in Sources */,
				DA3866B92CA6845200CFAD4F /* HistoryListener.swift in Sources */,
				DAC991252C6F27EC00744B5D /* LeftTopStrokeShape.swift in Sources */,
				DA076E202C22B0DF00F7A2C1 /* NightMatchApp.swift in Sources */,
				DA03B8592C65A438003626B8 /* CustomSingularTextView.swift in Sources */,
				DA5918742CB8FA0800A98368 /* FragmentMain.swift in Sources */,
				DA2A5B542C8EDE2600CE877A /* KeyboardButtonImageText.swift in Sources */,
				DA3866C92CA6902C00CFAD4F /* ACListener.swift in Sources */,
				DAEEB38E2C89928700246752 /* ExpressionData.swift in Sources */,
				DA6061732CB762AC0091779E /* FormatData.swift in Sources */,
				DAC9911C2C6C769400744B5D /* GrowingButtonStyle.swift in Sources */,
				DAEEB38C2C89817300246752 /* ExpressionContext.swift in Sources */,
				DA3866C12CA68A4D00CFAD4F /* DirectionListener.swift in Sources */,
				DAC991102C69CFF400744B5D /* CustomFractionView.swift in Sources */,
				DA2A5B562C8EEFC700CE877A /* KeyboardButtonTextImage.swift in Sources */,
				DAC991292C6F2ECD00744B5D /* KeyboardButton2.swift in Sources */,
				DA5D92AB2C9410B1004F584E /* HistoryUtil.swift in Sources */,
				DAC991272C6F2E7000744B5D /* GrowingButtonStyle2.swift in Sources */,
				DABFAF5F2C65E420008E8048 /* FractionModel.swift in Sources */,
			);
			runOnlyForDeploymentPostprocessing = 0;
		};
		DA076E282C22B0E500F7A2C1 /* Sources */ = {
			isa = PBXSourcesBuildPhase;
			buildActionMask = 2147483647;
			files = (
				DA076E312C22B0E500F7A2C1 /* NightMatchTests.swift in Sources */,
			);
			runOnlyForDeploymentPostprocessing = 0;
		};
		DA076E322C22B0E500F7A2C1 /* Sources */ = {
			isa = PBXSourcesBuildPhase;
			buildActionMask = 2147483647;
			files = (
				DA076E3B2C22B0E500F7A2C1 /* NightMatchUITests.swift in Sources */,
				DA076E3D2C22B0E500F7A2C1 /* NightMatchUITestsLaunchTests.swift in Sources */,
			);
			runOnlyForDeploymentPostprocessing = 0;
		};
/* End PBXSourcesBuildPhase section */

/* Begin PBXTargetDependency section */
		DA076E2E2C22B0E500F7A2C1 /* PBXTargetDependency */ = {
			isa = PBXTargetDependency;
			target = DA076E1B2C22B0DF00F7A2C1 /* NightMatch */;
			targetProxy = DA076E2D2C22B0E500F7A2C1 /* PBXContainerItemProxy */;
		};
		DA076E382C22B0E500F7A2C1 /* PBXTargetDependency */ = {
			isa = PBXTargetDependency;
			target = DA076E1B2C22B0DF00F7A2C1 /* NightMatch */;
			targetProxy = DA076E372C22B0E500F7A2C1 /* PBXContainerItemProxy */;
		};
/* End PBXTargetDependency section */

/* Begin XCBuildConfiguration section */
		DA076E3E2C22B0E500F7A2C1 /* Debug */ = {
			isa = XCBuildConfiguration;
			buildSettings = {
				ALWAYS_SEARCH_USER_PATHS = NO;
				ASSETCATALOG_COMPILER_GENERATE_SWIFT_ASSET_SYMBOL_EXTENSIONS = YES;
				CLANG_ANALYZER_NONNULL = YES;
				CLANG_ANALYZER_NUMBER_OBJECT_CONVERSION = YES_AGGRESSIVE;
				CLANG_CXX_LANGUAGE_STANDARD = "gnu++20";
				CLANG_ENABLE_MODULES = YES;
				CLANG_ENABLE_OBJC_ARC = YES;
				CLANG_ENABLE_OBJC_WEAK = YES;
				CLANG_WARN_BLOCK_CAPTURE_AUTORELEASING = YES;
				CLANG_WARN_BOOL_CONVERSION = YES;
				CLANG_WARN_COMMA = YES;
				CLANG_WARN_CONSTANT_CONVERSION = YES;
				CLANG_WARN_DEPRECATED_OBJC_IMPLEMENTATIONS = YES;
				CLANG_WARN_DIRECT_OBJC_ISA_USAGE = YES_ERROR;
				CLANG_WARN_DOCUMENTATION_COMMENTS = YES;
				CLANG_WARN_EMPTY_BODY = YES;
				CLANG_WARN_ENUM_CONVERSION = YES;
				CLANG_WARN_INFINITE_RECURSION = YES;
				CLANG_WARN_INT_CONVERSION = YES;
				CLANG_WARN_NON_LITERAL_NULL_CONVERSION = YES;
				CLANG_WARN_OBJC_IMPLICIT_RETAIN_SELF = YES;
				CLANG_WARN_OBJC_LITERAL_CONVERSION = YES;
				CLANG_WARN_OBJC_ROOT_CLASS = YES_ERROR;
				CLANG_WARN_QUOTED_INCLUDE_IN_FRAMEWORK_HEADER = YES;
				CLANG_WARN_RANGE_LOOP_ANALYSIS = YES;
				CLANG_WARN_STRICT_PROTOTYPES = YES;
				CLANG_WARN_SUSPICIOUS_MOVE = YES;
				CLANG_WARN_UNGUARDED_AVAILABILITY = YES_AGGRESSIVE;
				CLANG_WARN_UNREACHABLE_CODE = YES;
				CLANG_WARN__DUPLICATE_METHOD_MATCH = YES;
				COPY_PHASE_STRIP = NO;
				DEBUG_INFORMATION_FORMAT = dwarf;
				ENABLE_STRICT_OBJC_MSGSEND = YES;
				ENABLE_TESTABILITY = YES;
				ENABLE_USER_SCRIPT_SANDBOXING = YES;
				GCC_C_LANGUAGE_STANDARD = gnu17;
				GCC_DYNAMIC_NO_PIC = NO;
				GCC_NO_COMMON_BLOCKS = YES;
				GCC_OPTIMIZATION_LEVEL = 0;
				GCC_PREPROCESSOR_DEFINITIONS = (
					"DEBUG=1",
					"$(inherited)",
				);
				GCC_WARN_64_TO_32_BIT_CONVERSION = YES;
				GCC_WARN_ABOUT_RETURN_TYPE = YES_ERROR;
				GCC_WARN_UNDECLARED_SELECTOR = YES;
				GCC_WARN_UNINITIALIZED_AUTOS = YES_AGGRESSIVE;
				GCC_WARN_UNUSED_FUNCTION = YES;
				GCC_WARN_UNUSED_VARIABLE = YES;
				IPHONEOS_DEPLOYMENT_TARGET = 17.5;
				LOCALIZATION_PREFERS_STRING_CATALOGS = YES;
				MTL_ENABLE_DEBUG_INFO = INCLUDE_SOURCE;
				MTL_FAST_MATH = YES;
				ONLY_ACTIVE_ARCH = YES;
				SDKROOT = iphoneos;
				SWIFT_ACTIVE_COMPILATION_CONDITIONS = "DEBUG $(inherited)";
				SWIFT_EMIT_LOC_STRINGS = YES;
				SWIFT_OPTIMIZATION_LEVEL = "-Onone";
			};
			name = Debug;
		};
		DA076E3F2C22B0E500F7A2C1 /* Release */ = {
			isa = XCBuildConfiguration;
			buildSettings = {
				ALWAYS_SEARCH_USER_PATHS = NO;
				ASSETCATALOG_COMPILER_GENERATE_SWIFT_ASSET_SYMBOL_EXTENSIONS = YES;
				CLANG_ANALYZER_NONNULL = YES;
				CLANG_ANALYZER_NUMBER_OBJECT_CONVERSION = YES_AGGRESSIVE;
				CLANG_CXX_LANGUAGE_STANDARD = "gnu++20";
				CLANG_ENABLE_MODULES = YES;
				CLANG_ENABLE_OBJC_ARC = YES;
				CLANG_ENABLE_OBJC_WEAK = YES;
				CLANG_WARN_BLOCK_CAPTURE_AUTORELEASING = YES;
				CLANG_WARN_BOOL_CONVERSION = YES;
				CLANG_WARN_COMMA = YES;
				CLANG_WARN_CONSTANT_CONVERSION = YES;
				CLANG_WARN_DEPRECATED_OBJC_IMPLEMENTATIONS = YES;
				CLANG_WARN_DIRECT_OBJC_ISA_USAGE = YES_ERROR;
				CLANG_WARN_DOCUMENTATION_COMMENTS = YES;
				CLANG_WARN_EMPTY_BODY = YES;
				CLANG_WARN_ENUM_CONVERSION = YES;
				CLANG_WARN_INFINITE_RECURSION = YES;
				CLANG_WARN_INT_CONVERSION = YES;
				CLANG_WARN_NON_LITERAL_NULL_CONVERSION = YES;
				CLANG_WARN_OBJC_IMPLICIT_RETAIN_SELF = YES;
				CLANG_WARN_OBJC_LITERAL_CONVERSION = YES;
				CLANG_WARN_OBJC_ROOT_CLASS = YES_ERROR;
				CLANG_WARN_QUOTED_INCLUDE_IN_FRAMEWORK_HEADER = YES;
				CLANG_WARN_RANGE_LOOP_ANALYSIS = YES;
				CLANG_WARN_STRICT_PROTOTYPES = YES;
				CLANG_WARN_SUSPICIOUS_MOVE = YES;
				CLANG_WARN_UNGUARDED_AVAILABILITY = YES_AGGRESSIVE;
				CLANG_WARN_UNREACHABLE_CODE = YES;
				CLANG_WARN__DUPLICATE_METHOD_MATCH = YES;
				COPY_PHASE_STRIP = NO;
				DEBUG_INFORMATION_FORMAT = "dwarf-with-dsym";
				ENABLE_NS_ASSERTIONS = NO;
				ENABLE_STRICT_OBJC_MSGSEND = YES;
				ENABLE_USER_SCRIPT_SANDBOXING = YES;
				GCC_C_LANGUAGE_STANDARD = gnu17;
				GCC_NO_COMMON_BLOCKS = YES;
				GCC_WARN_64_TO_32_BIT_CONVERSION = YES;
				GCC_WARN_ABOUT_RETURN_TYPE = YES_ERROR;
				GCC_WARN_UNDECLARED_SELECTOR = YES;
				GCC_WARN_UNINITIALIZED_AUTOS = YES_AGGRESSIVE;
				GCC_WARN_UNUSED_FUNCTION = YES;
				GCC_WARN_UNUSED_VARIABLE = YES;
				IPHONEOS_DEPLOYMENT_TARGET = 17.5;
				LOCALIZATION_PREFERS_STRING_CATALOGS = YES;
				MTL_ENABLE_DEBUG_INFO = NO;
				MTL_FAST_MATH = YES;
				SDKROOT = iphoneos;
				SWIFT_COMPILATION_MODE = wholemodule;
				SWIFT_EMIT_LOC_STRINGS = YES;
				VALIDATE_PRODUCT = YES;
			};
			name = Release;
		};
		DA076E412C22B0E500F7A2C1 /* Debug */ = {
			isa = XCBuildConfiguration;
			buildSettings = {
				ASSETCATALOG_COMPILER_APPICON_NAME = AppIcon;
				ASSETCATALOG_COMPILER_GLOBAL_ACCENT_COLOR_NAME = AccentColor;
				CODE_SIGN_STYLE = Automatic;
				CURRENT_PROJECT_VERSION = 1;
				DEVELOPMENT_ASSET_PATHS = "\"NightMatch/Preview Content\"";
				DEVELOPMENT_TEAM = 7U784SRHW3;
				ENABLE_PREVIEWS = YES;
				GENERATE_INFOPLIST_FILE = YES;
				INFOPLIST_KEY_LSApplicationCategoryType = "public.app-category.utilities";
				INFOPLIST_KEY_UIApplicationSceneManifest_Generation = YES;
				INFOPLIST_KEY_UIApplicationSupportsIndirectInputEvents = YES;
				INFOPLIST_KEY_UILaunchScreen_Generation = YES;
				INFOPLIST_KEY_UISupportedInterfaceOrientations_iPad = "UIInterfaceOrientationPortrait UIInterfaceOrientationPortraitUpsideDown UIInterfaceOrientationLandscapeLeft UIInterfaceOrientationLandscapeRight";
				INFOPLIST_KEY_UISupportedInterfaceOrientations_iPhone = "UIInterfaceOrientationPortrait UIInterfaceOrientationLandscapeLeft UIInterfaceOrientationLandscapeRight";
				LD_RUNPATH_SEARCH_PATHS = (
					"$(inherited)",
					"@executable_path/Frameworks",
				);
				MARKETING_VERSION = 1.0;
				PRODUCT_BUNDLE_IDENTIFIER = com.gfso.t991;
				PRODUCT_NAME = T991;
				SUPPORTED_PLATFORMS = "iphoneos iphonesimulator";
				SUPPORTS_MACCATALYST = NO;
				SUPPORTS_MAC_DESIGNED_FOR_IPHONE_IPAD = NO;
				SUPPORTS_XR_DESIGNED_FOR_IPHONE_IPAD = NO;
				SWIFT_EMIT_LOC_STRINGS = YES;
				SWIFT_VERSION = 5.0;
				TARGETED_DEVICE_FAMILY = "1,2";
			};
			name = Debug;
		};
		DA076E422C22B0E500F7A2C1 /* Release */ = {
			isa = XCBuildConfiguration;
			buildSettings = {
				ASSETCATALOG_COMPILER_APPICON_NAME = AppIcon;
				ASSETCATALOG_COMPILER_GLOBAL_ACCENT_COLOR_NAME = AccentColor;
				CODE_SIGN_STYLE = Automatic;
				CURRENT_PROJECT_VERSION = 1;
				DEVELOPMENT_ASSET_PATHS = "\"NightMatch/Preview Content\"";
				DEVELOPMENT_TEAM = 7U784SRHW3;
				ENABLE_PREVIEWS = YES;
				GENERATE_INFOPLIST_FILE = YES;
				INFOPLIST_KEY_LSApplicationCategoryType = "public.app-category.utilities";
				INFOPLIST_KEY_UIApplicationSceneManifest_Generation = YES;
				INFOPLIST_KEY_UIApplicationSupportsIndirectInputEvents = YES;
				INFOPLIST_KEY_UILaunchScreen_Generation = YES;
				INFOPLIST_KEY_UISupportedInterfaceOrientations_iPad = "UIInterfaceOrientationPortrait UIInterfaceOrientationPortraitUpsideDown UIInterfaceOrientationLandscapeLeft UIInterfaceOrientationLandscapeRight";
				INFOPLIST_KEY_UISupportedInterfaceOrientations_iPhone = "UIInterfaceOrientationPortrait UIInterfaceOrientationLandscapeLeft UIInterfaceOrientationLandscapeRight";
				LD_RUNPATH_SEARCH_PATHS = (
					"$(inherited)",
					"@executable_path/Frameworks",
				);
				MARKETING_VERSION = 1.0;
				PRODUCT_BUNDLE_IDENTIFIER = com.gfso.t991;
				PRODUCT_NAME = T991;
				SUPPORTED_PLATFORMS = "iphoneos iphonesimulator";
				SUPPORTS_MACCATALYST = NO;
				SUPPORTS_MAC_DESIGNED_FOR_IPHONE_IPAD = NO;
				SUPPORTS_XR_DESIGNED_FOR_IPHONE_IPAD = NO;
				SWIFT_EMIT_LOC_STRINGS = YES;
				SWIFT_VERSION = 5.0;
				TARGETED_DEVICE_FAMILY = "1,2";
			};
			name = Release;
		};
		DA076E442C22B0E500F7A2C1 /* Debug */ = {
			isa = XCBuildConfiguration;
			buildSettings = {
				ALWAYS_EMBED_SWIFT_STANDARD_LIBRARIES = YES;
				BUNDLE_LOADER = "$(TEST_HOST)";
				CODE_SIGN_STYLE = Automatic;
				CURRENT_PROJECT_VERSION = 1;
				DEVELOPMENT_TEAM = 7U784SRHW3;
				GENERATE_INFOPLIST_FILE = YES;
				IPHONEOS_DEPLOYMENT_TARGET = 17.5;
				MARKETING_VERSION = 1.0;
				PRODUCT_BUNDLE_IDENTIFIER = com.gfso.NightMatchTests;
				PRODUCT_NAME = "$(TARGET_NAME)";
				SWIFT_EMIT_LOC_STRINGS = NO;
				SWIFT_VERSION = 5.0;
				TARGETED_DEVICE_FAMILY = "1,2";
				TEST_HOST = "$(BUILT_PRODUCTS_DIR)/NightMatch.app/$(BUNDLE_EXECUTABLE_FOLDER_PATH)/NightMatch";
			};
			name = Debug;
		};
		DA076E452C22B0E500F7A2C1 /* Release */ = {
			isa = XCBuildConfiguration;
			buildSettings = {
				ALWAYS_EMBED_SWIFT_STANDARD_LIBRARIES = YES;
				BUNDLE_LOADER = "$(TEST_HOST)";
				CODE_SIGN_STYLE = Automatic;
				CURRENT_PROJECT_VERSION = 1;
				DEVELOPMENT_TEAM = 7U784SRHW3;
				GENERATE_INFOPLIST_FILE = YES;
				IPHONEOS_DEPLOYMENT_TARGET = 17.5;
				MARKETING_VERSION = 1.0;
				PRODUCT_BUNDLE_IDENTIFIER = com.gfso.NightMatchTests;
				PRODUCT_NAME = "$(TARGET_NAME)";
				SWIFT_EMIT_LOC_STRINGS = NO;
				SWIFT_VERSION = 5.0;
				TARGETED_DEVICE_FAMILY = "1,2";
				TEST_HOST = "$(BUILT_PRODUCTS_DIR)/NightMatch.app/$(BUNDLE_EXECUTABLE_FOLDER_PATH)/NightMatch";
			};
			name = Release;
		};
		DA076E472C22B0E500F7A2C1 /* Debug */ = {
			isa = XCBuildConfiguration;
			buildSettings = {
				ALWAYS_EMBED_SWIFT_STANDARD_LIBRARIES = YES;
				CODE_SIGN_STYLE = Automatic;
				CURRENT_PROJECT_VERSION = 1;
				DEVELOPMENT_TEAM = 7U784SRHW3;
				GENERATE_INFOPLIST_FILE = YES;
				MARKETING_VERSION = 1.0;
				PRODUCT_BUNDLE_IDENTIFIER = com.gfso.NightMatchUITests;
				PRODUCT_NAME = "$(TARGET_NAME)";
				SWIFT_EMIT_LOC_STRINGS = NO;
				SWIFT_VERSION = 5.0;
				TARGETED_DEVICE_FAMILY = "1,2";
				TEST_TARGET_NAME = NightMatch;
			};
			name = Debug;
		};
		DA076E482C22B0E500F7A2C1 /* Release */ = {
			isa = XCBuildConfiguration;
			buildSettings = {
				ALWAYS_EMBED_SWIFT_STANDARD_LIBRARIES = YES;
				CODE_SIGN_STYLE = Automatic;
				CURRENT_PROJECT_VERSION = 1;
				DEVELOPMENT_TEAM = 7U784SRHW3;
				GENERATE_INFOPLIST_FILE = YES;
				MARKETING_VERSION = 1.0;
				PRODUCT_BUNDLE_IDENTIFIER = com.gfso.NightMatchUITests;
				PRODUCT_NAME = "$(TARGET_NAME)";
				SWIFT_EMIT_LOC_STRINGS = NO;
				SWIFT_VERSION = 5.0;
				TARGETED_DEVICE_FAMILY = "1,2";
				TEST_TARGET_NAME = NightMatch;
			};
			name = Release;
		};
/* End XCBuildConfiguration section */

/* Begin XCConfigurationList section */
		DA076E172C22B0DF00F7A2C1 /* Build configuration list for PBXProject "NightMatch" */ = {
			isa = XCConfigurationList;
			buildConfigurations = (
				DA076E3E2C22B0E500F7A2C1 /* Debug */,
				DA076E3F2C22B0E500F7A2C1 /* Release */,
			);
			defaultConfigurationIsVisible = 0;
			defaultConfigurationName = Release;
		};
		DA076E402C22B0E500F7A2C1 /* Build configuration list for PBXNativeTarget "NightMatch" */ = {
			isa = XCConfigurationList;
			buildConfigurations = (
				DA076E412C22B0E500F7A2C1 /* Debug */,
				DA076E422C22B0E500F7A2C1 /* Release */,
			);
			defaultConfigurationIsVisible = 0;
			defaultConfigurationName = Release;
		};
		DA076E432C22B0E500F7A2C1 /* Build configuration list for PBXNativeTarget "NightMatchTests" */ = {
			isa = XCConfigurationList;
			buildConfigurations = (
				DA076E442C22B0E500F7A2C1 /* Debug */,
				DA076E452C22B0E500F7A2C1 /* Release */,
			);
			defaultConfigurationIsVisible = 0;
			defaultConfigurationName = Release;
		};
		DA076E462C22B0E500F7A2C1 /* Build configuration list for PBXNativeTarget "NightMatchUITests" */ = {
			isa = XCConfigurationList;
			buildConfigurations = (
				DA076E472C22B0E500F7A2C1 /* Debug */,
				DA076E482C22B0E500F7A2C1 /* Release */,
			);
			defaultConfigurationIsVisible = 0;
			defaultConfigurationName = Release;
		};
/* End XCConfigurationList section */
	};
	rootObject = DA076E142C22B0DF00F7A2C1 /* Project object */;
}
